
Microsoft Visual Studio Solution File, Format Version 12.00
# Visual Studio Version 17
VisualStudioVersion = 17.9.34616.47
MinimumVisualStudioVersion = 10.0.40219.1
Project("{9A19103F-16F7-4668-BE54-9A1E7A4F7556}") = "BookApp", "BookApp\BookApp.csproj", "{B3E6E858-6656-49AA-BB46-0AB0B622510F}"
EndProject
Project("{9A19103F-16F7-4668-BE54-9A1E7A4F7556}") = "BookApp.Data", "BookApp.Data\BookApp.Data.csproj", "{1A007594-E8E5-4C88-9364-555519339A3D}"
EndProject
Project("{9A19103F-16F7-4668-BE54-9A1E7A4F7556}") = "BookApp.Models", "BookApp.Models\BookApp.Models.csproj", "{89DD294C-CC88-4D08-A141-1E2B630E7EAD}"
EndProject
Project("{9A19103F-16F7-4668-BE54-9A1E7A4F7556}") = "BookApp.Forms.Login", "BookApp.Forms.Login\BookApp.Forms.Login.csproj", "{A802FD31-4F8F-4676-B38C-11E6E8D0C707}"
EndProject
Project("{9A19103F-16F7-4668-BE54-9A1E7A4F7556}") = "BookApp.Forms.AdminPanel", "BookApp.Forms.AdminPanel\BookApp.Forms.AdminPanel.csproj", "{3E22D981-DC0C-48DB-8FAC-3DEC24F8CDBA}"
EndProject
Project("{9A19103F-16F7-4668-BE54-9A1E7A4F7556}") = "BookApp.Forms.Workers", "BookApp.Forms.Workers\BookApp.Forms.Workers.csproj", "{0D9D5B40-15B9-44CD-B905-28C824A1683C}"
EndProject
Project("{9A19103F-16F7-4668-BE54-9A1E7A4F7556}") = "BookApp.Forms.Users", "BookApp.Forms.Users\BookApp.Forms.Users.csproj", "{7D36DFB7-5311-4C05-BED1-1A9939E37218}"
EndProject
Project("{9A19103F-16F7-4668-BE54-9A1E7A4F7556}") = "BookApp.Forms.Services", "BookApp.Forms.Services\BookApp.Forms.Services.csproj", "{AC12427A-36E3-455F-9EDB-8F77BB69BE87}"
EndProject
Project("{9A19103F-16F7-4668-BE54-9A1E7A4F7556}") = "BookApp.Forms.DTO", "BookApp.Forms.DTO\BookApp.Forms.DTO.csproj", "{6A2FEB86-4D95-46DE-BC34-B874B2CFFB6A}"
EndProject
Project("{2150E333-8FDC-42A3-9474-1A3956D46DE8}") = "Solution Items", "Solution Items", "{3493A22B-9EAA-40B9-B3D7-8D1D390F0ADE}"
	ProjectSection(SolutionItems) = preProject
		.editorconfig = .editorconfig
	EndProjectSection
EndProject
Global
	GlobalSection(SolutionConfigurationPlatforms) = preSolution
		Debug|Any CPU = Debug|Any CPU
		Release|Any CPU = Release|Any CPU
	EndGlobalSection
	GlobalSection(ProjectConfigurationPlatforms) = postSolution
		{B3E6E858-6656-49AA-BB46-0AB0B622510F}.Debug|Any CPU.ActiveCfg = Debug|Any CPU
		{B3E6E858-6656-49AA-BB46-0AB0B622510F}.Debug|Any CPU.Build.0 = Debug|Any CPU
		{B3E6E858-6656-49AA-BB46-0AB0B622510F}.Release|Any CPU.ActiveCfg = Release|Any CPU
		{B3E6E858-6656-49AA-BB46-0AB0B622510F}.Release|Any CPU.Build.0 = Release|Any CPU
		{1A007594-E8E5-4C88-9364-555519339A3D}.Debug|Any CPU.ActiveCfg = Debug|Any CPU
		{1A007594-E8E5-4C88-9364-555519339A3D}.Debug|Any CPU.Build.0 = Debug|Any CPU
		{1A007594-E8E5-4C88-9364-555519339A3D}.Release|Any CPU.ActiveCfg = Release|Any CPU
		{1A007594-E8E5-4C88-9364-555519339A3D}.Release|Any CPU.Build.0 = Release|Any CPU
		{89DD294C-CC88-4D08-A141-1E2B630E7EAD}.Debug|Any CPU.ActiveCfg = Debug|Any CPU
		{89DD294C-CC88-4D08-A141-1E2B630E7EAD}.Debug|Any CPU.Build.0 = Debug|Any CPU
		{89DD294C-CC88-4D08-A141-1E2B630E7EAD}.Release|Any CPU.ActiveCfg = Release|Any CPU
		{89DD294C-CC88-4D08-A141-1E2B630E7EAD}.Release|Any CPU.Build.0 = Release|Any CPU
		{A802FD31-4F8F-4676-B38C-11E6E8D0C707}.Debug|Any CPU.ActiveCfg = Debug|Any CPU
		{A802FD31-4F8F-4676-B38C-11E6E8D0C707}.Debug|Any CPU.Build.0 = Debug|Any CPU
		{A802FD31-4F8F-4676-B38C-11E6E8D0C707}.Release|Any CPU.ActiveCfg = Release|Any CPU
		{A802FD31-4F8F-4676-B38C-11E6E8D0C707}.Release|Any CPU.Build.0 = Release|Any CPU
		{3E22D981-DC0C-48DB-8FAC-3DEC24F8CDBA}.Debug|Any CPU.ActiveCfg = Debug|Any CPU
		{3E22D981-DC0C-48DB-8FAC-3DEC24F8CDBA}.Debug|Any CPU.Build.0 = Debug|Any CPU
		{3E22D981-DC0C-48DB-8FAC-3DEC24F8CDBA}.Release|Any CPU.ActiveCfg = Release|Any CPU
		{3E22D981-DC0C-48DB-8FAC-3DEC24F8CDBA}.Release|Any CPU.Build.0 = Release|Any CPU
		{0D9D5B40-15B9-44CD-B905-28C824A1683C}.Debug|Any CPU.ActiveCfg = Debug|Any CPU
		{0D9D5B40-15B9-44CD-B905-28C824A1683C}.Debug|Any CPU.Build.0 = Debug|Any CPU
		{0D9D5B40-15B9-44CD-B905-28C824A1683C}.Release|Any CPU.ActiveCfg = Release|Any CPU
		{0D9D5B40-15B9-44CD-B905-28C824A1683C}.Release|Any CPU.Build.0 = Release|Any CPU
		{7D36DFB7-5311-4C05-BED1-1A9939E37218}.Debug|Any CPU.ActiveCfg = Debug|Any CPU
		{7D36DFB7-5311-4C05-BED1-1A9939E37218}.Debug|Any CPU.Build.0 = Debug|Any CPU
		{7D36DFB7-5311-4C05-BED1-1A9939E37218}.Release|Any CPU.ActiveCfg = Release|Any CPU
		{7D36DFB7-5311-4C05-BED1-1A9939E37218}.Release|Any CPU.Build.0 = Release|Any CPU
		{AC12427A-36E3-455F-9EDB-8F77BB69BE87}.Debug|Any CPU.ActiveCfg = Debug|Any CPU
		{AC12427A-36E3-455F-9EDB-8F77BB69BE87}.Debug|Any CPU.Build.0 = Debug|Any CPU
		{AC12427A-36E3-455F-9EDB-8F77BB69BE87}.Release|Any CPU.ActiveCfg = Release|Any CPU
		{AC12427A-36E3-455F-9EDB-8F77BB69BE87}.Release|Any CPU.Build.0 = Release|Any CPU
		{6A2FEB86-4D95-46DE-BC34-B874B2CFFB6A}.Debug|Any CPU.ActiveCfg = Debug|Any CPU
		{6A2FEB86-4D95-46DE-BC34-B874B2CFFB6A}.Debug|Any CPU.Build.0 = Debug|Any CPU
		{6A2FEB86-4D95-46DE-BC34-B874B2CFFB6A}.Release|Any CPU.ActiveCfg = Release|Any CPU
		{6A2FEB86-4D95-46DE-BC34-B874B2CFFB6A}.Release|Any CPU.Build.0 = Release|Any CPU
	EndGlobalSection
	GlobalSection(SolutionProperties) = preSolution
		HideSolutionNode = FALSE
	EndGlobalSection
	GlobalSection(ExtensibilityGlobals) = postSolution
		SolutionGuid = {C28EBE41-DD61-4F4A-96FC-48A40F7C3582}
	EndGlobalSection
EndGlobal
